// !$*UTF8*$!
{
	archiveVersion = 1;
	classes = {
	};
	objectVersion = 50;
	objects = {

/* Begin PBXBuildFile section */
		834DFF84236852E900CEC48E /* AppDelegate.swift in Sources */ = {isa = PBXBuildFile; fileRef = 834DFF83236852E900CEC48E /* AppDelegate.swift */; };
		834DFF86236852E900CEC48E /* SceneDelegate.swift in Sources */ = {isa = PBXBuildFile; fileRef = 834DFF85236852E900CEC48E /* SceneDelegate.swift */; };
		834DFF8B236852E900CEC48E /* Main.storyboard in Resources */ = {isa = PBXBuildFile; fileRef = 834DFF89236852E900CEC48E /* Main.storyboard */; };
		834DFF8D236852EB00CEC48E /* Assets.xcassets in Resources */ = {isa = PBXBuildFile; fileRef = 834DFF8C236852EB00CEC48E /* Assets.xcassets */; };
		834DFF90236852EB00CEC48E /* LaunchScreen.storyboard in Resources */ = {isa = PBXBuildFile; fileRef = 834DFF8E236852EB00CEC48E /* LaunchScreen.storyboard */; };
		834DFF9C236861E900CEC48E /* HeaderCollectionViewCell.swift in Sources */ = {isa = PBXBuildFile; fileRef = 834DFF9A236861E900CEC48E /* HeaderCollectionViewCell.swift */; };
		834DFF9D236861E900CEC48E /* HeaderCollectionViewCell.xib in Resources */ = {isa = PBXBuildFile; fileRef = 834DFF9B236861E900CEC48E /* HeaderCollectionViewCell.xib */; };
		834DFF9F2368673A00CEC48E /* InstagramCollectionViewController.swift in Sources */ = {isa = PBXBuildFile; fileRef = 834DFF9E2368673A00CEC48E /* InstagramCollectionViewController.swift */; };
		834DFFA1236867E500CEC48E /* Post.swift in Sources */ = {isa = PBXBuildFile; fileRef = 834DFFA0236867E500CEC48E /* Post.swift */; };
		834DFFA3236868D300CEC48E /* Extension.swift in Sources */ = {isa = PBXBuildFile; fileRef = 834DFFA2236868D300CEC48E /* Extension.swift */; };
		834DFFA623686DF600CEC48E /* PostCollectionViewCell.swift in Sources */ = {isa = PBXBuildFile; fileRef = 834DFFA423686DF600CEC48E /* PostCollectionViewCell.swift */; };
		834DFFA723686DF600CEC48E /* PostCollectionViewCell.xib in Resources */ = {isa = PBXBuildFile; fileRef = 834DFFA523686DF600CEC48E /* PostCollectionViewCell.xib */; };
		834DFFA92368716600CEC48E /* User.swift in Sources */ = {isa = PBXBuildFile; fileRef = 834DFFA82368716600CEC48E /* User.swift */; };
		834DFFAF236872F900CEC48E /* UserDAO.swift in Sources */ = {isa = PBXBuildFile; fileRef = 834DFFAE236872F900CEC48E /* UserDAO.swift */; };
		834DFFB12368739300CEC48E /* PostDAO.swift in Sources */ = {isa = PBXBuildFile; fileRef = 834DFFB02368739300CEC48E /* PostDAO.swift */; };
		834DFFB32368801000CEC48E /* DetailViewController.swift in Sources */ = {isa = PBXBuildFile; fileRef = 834DFFB22368801000CEC48E /* DetailViewController.swift */; };
/* End PBXBuildFile section */

/* Begin PBXFileReference section */
		834DFF80236852E900CEC48E /* Instagram.app */ = {isa = PBXFileReference; explicitFileType = wrapper.application; includeInIndex = 0; path = Instagram.app; sourceTree = BUILT_PRODUCTS_DIR; };
		834DFF83236852E900CEC48E /* AppDelegate.swift */ = {isa = PBXFileReference; lastKnownFileType = sourcecode.swift; path = AppDelegate.swift; sourceTree = "<group>"; };
		834DFF85236852E900CEC48E /* SceneDelegate.swift */ = {isa = PBXFileReference; lastKnownFileType = sourcecode.swift; path = SceneDelegate.swift; sourceTree = "<group>"; };
		834DFF8A236852E900CEC48E /* Base */ = {isa = PBXFileReference; lastKnownFileType = file.storyboard; name = Base; path = Base.lproj/Main.storyboard; sourceTree = "<group>"; };
		834DFF8C236852EB00CEC48E /* Assets.xcassets */ = {isa = PBXFileReference; lastKnownFileType = folder.assetcatalog; path = Assets.xcassets; sourceTree = "<group>"; };
		834DFF8F236852EB00CEC48E /* Base */ = {isa = PBXFileReference; lastKnownFileType = file.storyboard; name = Base; path = Base.lproj/LaunchScreen.storyboard; sourceTree = "<group>"; };
		834DFF91236852EB00CEC48E /* Info.plist */ = {isa = PBXFileReference; lastKnownFileType = text.plist.xml; path = Info.plist; sourceTree = "<group>"; };
		834DFF9A236861E900CEC48E /* HeaderCollectionViewCell.swift */ = {isa = PBXFileReference; lastKnownFileType = sourcecode.swift; path = HeaderCollectionViewCell.swift; sourceTree = "<group>"; };
		834DFF9B236861E900CEC48E /* HeaderCollectionViewCell.xib */ = {isa = PBXFileReference; lastKnownFileType = file.xib; path = HeaderCollectionViewCell.xib; sourceTree = "<group>"; };
		834DFF9E2368673A00CEC48E /* InstagramCollectionViewController.swift */ = {isa = PBXFileReference; lastKnownFileType = sourcecode.swift; path = InstagramCollectionViewController.swift; sourceTree = "<group>"; };
		834DFFA0236867E500CEC48E /* Post.swift */ = {isa = PBXFileReference; lastKnownFileType = sourcecode.swift; path = Post.swift; sourceTree = "<group>"; };
		834DFFA2236868D300CEC48E /* Extension.swift */ = {isa = PBXFileReference; lastKnownFileType = sourcecode.swift; path = Extension.swift; sourceTree = "<group>"; };
		834DFFA423686DF600CEC48E /* PostCollectionViewCell.swift */ = {isa = PBXFileReference; lastKnownFileType = sourcecode.swift; path = PostCollectionViewCell.swift; sourceTree = "<group>"; };
		834DFFA523686DF600CEC48E /* PostCollectionViewCell.xib */ = {isa = PBXFileReference; lastKnownFileType = file.xib; path = PostCollectionViewCell.xib; sourceTree = "<group>"; };
		834DFFA82368716600CEC48E /* User.swift */ = {isa = PBXFileReference; lastKnownFileType = sourcecode.swift; path = User.swift; sourceTree = "<group>"; };
		834DFFAE236872F900CEC48E /* UserDAO.swift */ = {isa = PBXFileReference; lastKnownFileType = sourcecode.swift; path = UserDAO.swift; sourceTree = "<group>"; };
		834DFFB02368739300CEC48E /* PostDAO.swift */ = {isa = PBXFileReference; lastKnownFileType = sourcecode.swift; path = PostDAO.swift; sourceTree = "<group>"; };
		834DFFB22368801000CEC48E /* DetailViewController.swift */ = {isa = PBXFileReference; lastKnownFileType = sourcecode.swift; path = DetailViewController.swift; sourceTree = "<group>"; };
/* End PBXFileReference section */

/* Begin PBXFrameworksBuildPhase section */
		834DFF7D236852E900CEC48E /* Frameworks */ = {
			isa = PBXFrameworksBuildPhase;
			buildActionMask = 2147483647;
			files = (
			);
			runOnlyForDeploymentPostprocessing = 0;
		};
/* End PBXFrameworksBuildPhase section */

/* Begin PBXGroup section */
		834DFF77236852E900CEC48E = {
			isa = PBXGroup;
			children = (
				834DFF82236852E900CEC48E /* Instagram */,
				834DFF81236852E900CEC48E /* Products */,
			);
			sourceTree = "<group>";
		};
		834DFF81236852E900CEC48E /* Products */ = {
			isa = PBXGroup;
			children = (
				834DFF80236852E900CEC48E /* Instagram.app */,
			);
			name = Products;
			sourceTree = "<group>";
		};
		834DFF82236852E900CEC48E /* Instagram */ = {
			isa = PBXGroup;
			children = (
				834DFF9923685F8500CEC48E /* Controller */,
				834DFF9823685F7C00CEC48E /* Model */,
				834DFF9723685F5000CEC48E /* View */,
				834DFF83236852E900CEC48E /* AppDelegate.swift */,
				834DFF85236852E900CEC48E /* SceneDelegate.swift */,
				834DFF8C236852EB00CEC48E /* Assets.xcassets */,
				834DFF8E236852EB00CEC48E /* LaunchScreen.storyboard */,
				834DFF91236852EB00CEC48E /* Info.plist */,
				834DFFA2236868D300CEC48E /* Extension.swift */,
			);
			path = Instagram;
			sourceTree = "<group>";
		};
		834DFF9723685F5000CEC48E /* View */ = {
			isa = PBXGroup;
			children = (
				834DFF9B236861E900CEC48E /* HeaderCollectionViewCell.xib */,
				834DFFA523686DF600CEC48E /* PostCollectionViewCell.xib */,
				834DFF89236852E900CEC48E /* Main.storyboard */,
			);
			path = View;
			sourceTree = "<group>";
		};
		834DFF9823685F7C00CEC48E /* Model */ = {
			isa = PBXGroup;
			children = (
				834DFFAD236872EC00CEC48E /* DAO */,
				834DFFA0236867E500CEC48E /* Post.swift */,
				834DFFA82368716600CEC48E /* User.swift */,
			);
			path = Model;
			sourceTree = "<group>";
		};
		834DFF9923685F8500CEC48E /* Controller */ = {
			isa = PBXGroup;
			children = (
				834DFFB52368945800CEC48E /* ViewControllers */,
				834DFFB42368943A00CEC48E /* CellControllers */,
			);
			path = Controller;
			sourceTree = "<group>";
		};
		834DFFAD236872EC00CEC48E /* DAO */ = {
			isa = PBXGroup;
			children = (
				834DFFAE236872F900CEC48E /* UserDAO.swift */,
				834DFFB02368739300CEC48E /* PostDAO.swift */,
			);
			path = DAO;
			sourceTree = "<group>";
		};
		834DFFB42368943A00CEC48E /* CellControllers */ = {
			isa = PBXGroup;
			children = (
				834DFF9A236861E900CEC48E /* HeaderCollectionViewCell.swift */,
				834DFFA423686DF600CEC48E /* PostCollectionViewCell.swift */,
			);
			path = CellControllers;
			sourceTree = "<group>";
		};
		834DFFB52368945800CEC48E /* ViewControllers */ = {
			isa = PBXGroup;
			children = (
				834DFF9E2368673A00CEC48E /* InstagramCollectionViewController.swift */,
				834DFFB22368801000CEC48E /* DetailViewController.swift */,
			);
			path = ViewControllers;
			sourceTree = "<group>";
		};
/* End PBXGroup section */

/* Begin PBXNativeTarget section */
		834DFF7F236852E900CEC48E /* Instagram */ = {
			isa = PBXNativeTarget;
			buildConfigurationList = 834DFF94236852EB00CEC48E /* Build configuration list for PBXNativeTarget "Instagram" */;
			buildPhases = (
				834DFF7C236852E900CEC48E /* Sources */,
				834DFF7D236852E900CEC48E /* Frameworks */,
				834DFF7E236852E900CEC48E /* Resources */,
			);
			buildRules = (
			);
			dependencies = (
			);
			name = Instagram;
			productName = Instagram;
			productReference = 834DFF80236852E900CEC48E /* Instagram.app */;
			productType = "com.apple.product-type.application";
		};
/* End PBXNativeTarget section */

/* Begin PBXProject section */
		834DFF78236852E900CEC48E /* Project object */ = {
			isa = PBXProject;
			attributes = {
				LastSwiftUpdateCheck = 1100;
				LastUpgradeCheck = 1100;
				ORGANIZATIONNAME = "Роман Шуркин";
				TargetAttributes = {
					834DFF7F236852E900CEC48E = {
						CreatedOnToolsVersion = 11.0;
					};
				};
			};
			buildConfigurationList = 834DFF7B236852E900CEC48E /* Build configuration list for PBXProject "Instagram" */;
			compatibilityVersion = "Xcode 9.3";
			developmentRegion = en;
			hasScannedForEncodings = 0;
			knownRegions = (
				en,
				Base,
			);
			mainGroup = 834DFF77236852E900CEC48E;
			productRefGroup = 834DFF81236852E900CEC48E /* Products */;
			projectDirPath = "";
			projectRoot = "";
			targets = (
				834DFF7F236852E900CEC48E /* Instagram */,
			);
		};
/* End PBXProject section */

/* Begin PBXResourcesBuildPhase section */
		834DFF7E236852E900CEC48E /* Resources */ = {
			isa = PBXResourcesBuildPhase;
			buildActionMask = 2147483647;
			files = (
				834DFF90236852EB00CEC48E /* LaunchScreen.storyboard in Resources */,
				834DFF9D236861E900CEC48E /* HeaderCollectionViewCell.xib in Resources */,
				834DFF8D236852EB00CEC48E /* Assets.xcassets in Resources */,
				834DFF8B236852E900CEC48E /* Main.storyboard in Resources */,
				834DFFA723686DF600CEC48E /* PostCollectionViewCell.xib in Resources */,
			);
			runOnlyForDeploymentPostprocessing = 0;
		};
/* End PBXResourcesBuildPhase section */

/* Begin PBXSourcesBuildPhase section */
		834DFF7C236852E900CEC48E /* Sources */ = {
			isa = PBXSourcesBuildPhase;
			buildActionMask = 2147483647;
			files = (
				834DFFB32368801000CEC48E /* DetailViewController.swift in Sources */,
				834DFF9C236861E900CEC48E /* HeaderCollectionViewCell.swift in Sources */,
				834DFF84236852E900CEC48E /* AppDelegate.swift in Sources */,
				834DFF86236852E900CEC48E /* SceneDelegate.swift in Sources */,
				834DFFA3236868D300CEC48E /* Extension.swift in Sources */,
				834DFFAF236872F900CEC48E /* UserDAO.swift in Sources */,
				834DFFA92368716600CEC48E /* User.swift in Sources */,
				834DFFB12368739300CEC48E /* PostDAO.swift in Sources */,
				834DFF9F2368673A00CEC48E /* InstagramCollectionViewController.swift in Sources */,
				834DFFA623686DF600CEC48E /* PostCollectionViewCell.swift in Sources */,
				834DFFA1236867E500CEC48E /* Post.swift in Sources */,
			);
			runOnlyForDeploymentPostprocessing = 0;
		};
/* End PBXSourcesBuildPhase section */

/* Begin PBXVariantGroup section */
		834DFF89236852E900CEC48E /* Main.storyboard */ = {
			isa = PBXVariantGroup;
			children = (
				834DFF8A236852E900CEC48E /* Base */,
			);
			name = Main.storyboard;
			sourceTree = "<group>";
		};
		834DFF8E236852EB00CEC48E /* LaunchScreen.storyboard */ = {
			isa = PBXVariantGroup;
			children = (
				834DFF8F236852EB00CEC48E /* Base */,
			);
			name = LaunchScreen.storyboard;
			sourceTree = "<group>";
		};
/* End PBXVariantGroup section */

/* Begin XCBuildConfiguration section */
		834DFF92236852EB00CEC48E /* Debug */ = {
			isa = XCBuildConfiguration;
			buildSettings = {
				ALWAYS_SEARCH_USER_PATHS = NO;
				CLANG_ANALYZER_NONNULL = YES;
				CLANG_ANALYZER_NUMBER_OBJECT_CONVERSION = YES_AGGRESSIVE;
				CLANG_CXX_LANGUAGE_STANDARD = "gnu++14";
				CLANG_CXX_LIBRARY = "libc++";
				CLANG_ENABLE_MODULES = YES;
				CLANG_ENABLE_OBJC_ARC = YES;
				CLANG_ENABLE_OBJC_WEAK = YES;
				CLANG_WARN_BLOCK_CAPTURE_AUTORELEASING = YES;
				CLANG_WARN_BOOL_CONVERSION = YES;
				CLANG_WARN_COMMA = YES;
				CLANG_WARN_CONSTANT_CONVERSION = YES;
				CLANG_WARN_DEPRECATED_OBJC_IMPLEMENTATIONS = YES;
				CLANG_WARN_DIRECT_OBJC_ISA_USAGE = YES_ERROR;
				CLANG_WARN_DOCUMENTATION_COMMENTS = YES;
				CLANG_WARN_EMPTY_BODY = YES;
				CLANG_WARN_ENUM_CONVERSION = YES;
				CLANG_WARN_INFINITE_RECURSION = YES;
				CLANG_WARN_INT_CONVERSION = YES;
				CLANG_WARN_NON_LITERAL_NULL_CONVERSION = YES;
				CLANG_WARN_OBJC_IMPLICIT_RETAIN_SELF = YES;
				CLANG_WARN_OBJC_LITERAL_CONVERSION = YES;
				CLANG_WARN_OBJC_ROOT_CLASS = YES_ERROR;
				CLANG_WARN_RANGE_LOOP_ANALYSIS = YES;
				CLANG_WARN_STRICT_PROTOTYPES = YES;
				CLANG_WARN_SUSPICIOUS_MOVE = YES;
				CLANG_WARN_UNGUARDED_AVAILABILITY = YES_AGGRESSIVE;
				CLANG_WARN_UNREACHABLE_CODE = YES;
				CLANG_WARN__DUPLICATE_METHOD_MATCH = YES;
				COPY_PHASE_STRIP = NO;
				DEBUG_INFORMATION_FORMAT = dwarf;
				ENABLE_STRICT_OBJC_MSGSEND = YES;
				ENABLE_TESTABILITY = YES;
				GCC_C_LANGUAGE_STANDARD = gnu11;
				GCC_DYNAMIC_NO_PIC = NO;
				GCC_NO_COMMON_BLOCKS = YES;
				GCC_OPTIMIZATION_LEVEL = 0;
				GCC_PREPROCESSOR_DEFINITIONS = (
					"DEBUG=1",
					"$(inherited)",
				);
				GCC_WARN_64_TO_32_BIT_CONVERSION = YES;
				GCC_WARN_ABOUT_RETURN_TYPE = YES_ERROR;
				GCC_WARN_UNDECLARED_SELECTOR = YES;
				GCC_WARN_UNINITIALIZED_AUTOS = YES_AGGRESSIVE;
				GCC_WARN_UNUSED_FUNCTION = YES;
				GCC_WARN_UNUSED_VARIABLE = YES;
				IPHONEOS_DEPLOYMENT_TARGET = 13.0;
				MTL_ENABLE_DEBUG_INFO = INCLUDE_SOURCE;
				MTL_FAST_MATH = YES;
				ONLY_ACTIVE_ARCH = YES;
				SDKROOT = iphoneos;
				SWIFT_ACTIVE_COMPILATION_CONDITIONS = DEBUG;
				SWIFT_OPTIMIZATION_LEVEL = "-Onone";
			};
			name = Debug;
		};
		834DFF93236852EB00CEC48E /* Release */ = {
			isa = XCBuildConfiguration;
			buildSettings = {
				ALWAYS_SEARCH_USER_PATHS = NO;
				CLANG_ANALYZER_NONNULL = YES;
				CLANG_ANALYZER_NUMBER_OBJECT_CONVERSION = YES_AGGRESSIVE;
				CLANG_CXX_LANGUAGE_STANDARD = "gnu++14";
				CLANG_CXX_LIBRARY = "libc++";
				CLANG_ENABLE_MODULES = YES;
				CLANG_ENABLE_OBJC_ARC = YES;
				CLANG_ENABLE_OBJC_WEAK = YES;
				CLANG_WARN_BLOCK_CAPTURE_AUTORELEASING = YES;
				CLANG_WARN_BOOL_CONVERSION = YES;
				CLANG_WARN_COMMA = YES;
				CLANG_WARN_CONSTANT_CONVERSION = YES;
				CLANG_WARN_DEPRECATED_OBJC_IMPLEMENTATIONS = YES;
				CLANG_WARN_DIRECT_OBJC_ISA_USAGE = YES_ERROR;
				CLANG_WARN_DOCUMENTATION_COMMENTS = YES;
				CLANG_WARN_EMPTY_BODY = YES;
				CLANG_WARN_ENUM_CONVERSION = YES;
				CLANG_WARN_INFINITE_RECURSION = YES;
				CLANG_WARN_INT_CONVERSION = YES;
				CLANG_WARN_NON_LITERAL_NULL_CONVERSION = YES;
				CLANG_WARN_OBJC_IMPLICIT_RETAIN_SELF = YES;
				CLANG_WARN_OBJC_LITERAL_CONVERSION = YES;
				CLANG_WARN_OBJC_ROOT_CLASS = YES_ERROR;
				CLANG_WARN_RANGE_LOOP_ANALYSIS = YES;
				CLANG_WARN_STRICT_PROTOTYPES = YES;
				CLANG_WARN_SUSPICIOUS_MOVE = YES;
				CLANG_WARN_UNGUARDED_AVAILABILITY = YES_AGGRESSIVE;
				CLANG_WARN_UNREACHABLE_CODE = YES;
				CLANG_WARN__DUPLICATE_METHOD_MATCH = YES;
				COPY_PHASE_STRIP = NO;
				DEBUG_INFORMATION_FORMAT = "dwarf-with-dsym";
				ENABLE_NS_ASSERTIONS = NO;
				ENABLE_STRICT_OBJC_MSGSEND = YES;
				GCC_C_LANGUAGE_STANDARD = gnu11;
				GCC_NO_COMMON_BLOCKS = YES;
				GCC_WARN_64_TO_32_BIT_CONVERSION = YES;
				GCC_WARN_ABOUT_RETURN_TYPE = YES_ERROR;
				GCC_WARN_UNDECLARED_SELECTOR = YES;
				GCC_WARN_UNINITIALIZED_AUTOS = YES_AGGRESSIVE;
				GCC_WARN_UNUSED_FUNCTION = YES;
				GCC_WARN_UNUSED_VARIABLE = YES;
				IPHONEOS_DEPLOYMENT_TARGET = 13.0;
				MTL_ENABLE_DEBUG_INFO = NO;
				MTL_FAST_MATH = YES;
				SDKROOT = iphoneos;
				SWIFT_COMPILATION_MODE = wholemodule;
				SWIFT_OPTIMIZATION_LEVEL = "-O";
				VALIDATE_PRODUCT = YES;
			};
			name = Release;
		};
		834DFF95236852EB00CEC48E /* Debug */ = {
			isa = XCBuildConfiguration;
			buildSettings = {
				ASSETCATALOG_COMPILER_APPICON_NAME = AppIcon;
				CODE_SIGN_STYLE = Automatic;
				DEVELOPMENT_TEAM = K6PAAYN46V;
				INFOPLIST_FILE = Instagram/Info.plist;
				LD_RUNPATH_SEARCH_PATHS = (
					"$(inherited)",
					"@executable_path/Frameworks",
				);
				PRODUCT_BUNDLE_IDENTIFIER = IosLab.Instagram;
				PRODUCT_NAME = "$(TARGET_NAME)";
				SWIFT_VERSION = 5.0;
				TARGETED_DEVICE_FAMILY = "1,2";
			};
			name = Debug;
		};
		834DFF96236852EB00CEC48E /* Release */ = {
			isa = XCBuildConfiguration;
			buildSettings = {
				ASSETCATALOG_COMPILER_APPICON_NAME = AppIcon;
				CODE_SIGN_STYLE = Automatic;
				DEVELOPMENT_TEAM = K6PAAYN46V;
				INFOPLIST_FILE = Instagram/Info.plist;
				LD_RUNPATH_SEARCH_PATHS = (
					"$(inherited)",
					"@executable_path/Frameworks",
				);
				PRODUCT_BUNDLE_IDENTIFIER = IosLab.Instagram;
				PRODUCT_NAME = "$(TARGET_NAME)";
				SWIFT_VERSION = 5.0;
				TARGETED_DEVICE_FAMILY = "1,2";
			};
			name = Release;
		};
/* End XCBuildConfiguration section */

/* Begin XCConfigurationList section */
		834DFF7B236852E900CEC48E /* Build configuration list for PBXProject "Instagram" */ = {
			isa = XCConfigurationList;
			buildConfigurations = (
				834DFF92236852EB00CEC48E /* Debug */,
				834DFF93236852EB00CEC48E /* Release */,
			);
			defaultConfigurationIsVisible = 0;
			defaultConfigurationName = Release;
		};
		834DFF94236852EB00CEC48E /* Build configuration list for PBXNativeTarget "Instagram" */ = {
			isa = XCConfigurationList;
			buildConfigurations = (
				834DFF95236852EB00CEC48E /* Debug */,
				834DFF96236852EB00CEC48E /* Release */,
			);
			defaultConfigurationIsVisible = 0;
			defaultConfigurationName = Release;
		};
/* End XCConfigurationList section */
	};
	rootObject = 834DFF78236852E900CEC48E /* Project object */;
}
